
Microsoft Visual Studio Solution File, Format Version 12.00
# Visual Studio Version 17
VisualStudioVersion = 17.4.33213.308
MinimumVisualStudioVersion = 10.0.40219.1
Project("{FAE04EC0-301F-11D3-BF4B-00C04F79EFBC}") = "P03_FootballBetting", "P03_FootballBetting.csproj", "{6791A1FE-B019-4272-9002-D6442B87C055}"
EndProject
Project("{FAE04EC0-301F-11D3-BF4B-00C04F79EFBC}") = "P03_FootballBetting.Data", "..\P03_FootballBetting.Data\P03_FootballBetting.Data.csproj", "{DEABCC70-559B-4796-A001-6DEB26D6B5B6}"
EndProject
Project("{FAE04EC0-301F-11D3-BF4B-00C04F79EFBC}") = "P03_FootballBetting.Data.Models", "..\P03_FootballBetting.Data.Models\P03_FootballBetting.Data.Models.csproj", "{D37573BE-0ED1-4BB5-B140-2C3854876517}"
EndProject
Project("{FAE04EC0-301F-11D3-BF4B-00C04F79EFBC}") = "P03_FootballBetting.Data.Common", "..\P03_FootballBetting.Data.Common\P03_FootballBetting.Data.Common.csproj", "{264AE339-6360-4958-AC92-1107BC32C4FE}"
EndProject
Global
	GlobalSection(SolutionConfigurationPlatforms) = preSolution
		Debug|Any CPU = Debug|Any CPU
		Release|Any CPU = Release|Any CPU
	EndGlobalSection
	GlobalSection(ProjectConfigurationPlatforms) = postSolution
		{6791A1FE-B019-4272-9002-D6442B87C055}.Debug|Any CPU.ActiveCfg = Debug|Any CPU
		{6791A1FE-B019-4272-9002-D6442B87C055}.Debug|Any CPU.Build.0 = Debug|Any CPU
		{6791A1FE-B019-4272-9002-D6442B87C055}.Release|Any CPU.ActiveCfg = Release|Any CPU
		{6791A1FE-B019-4272-9002-D6442B87C055}.Release|Any CPU.Build.0 = Release|Any CPU
		{DEABCC70-559B-4796-A001-6DEB26D6B5B6}.Debug|Any CPU.ActiveCfg = Debug|Any CPU
		{DEABCC70-559B-4796-A001-6DEB26D6B5B6}.Debug|Any CPU.Build.0 = Debug|Any CPU
		{DEABCC70-559B-4796-A001-6DEB26D6B5B6}.Release|Any CPU.ActiveCfg = Release|Any CPU
		{DEABCC70-559B-4796-A001-6DEB26D6B5B6}.Release|Any CPU.Build.0 = Release|Any CPU
		{D37573BE-0ED1-4BB5-B140-2C3854876517}.Debug|Any CPU.ActiveCfg = Debug|Any CPU
		{D37573BE-0ED1-4BB5-B140-2C3854876517}.Debug|Any CPU.Build.0 = Debug|Any CPU
		{D37573BE-0ED1-4BB5-B140-2C3854876517}.Release|Any CPU.ActiveCfg = Release|Any CPU
		{D37573BE-0ED1-4BB5-B140-2C3854876517}.Release|Any CPU.Build.0 = Release|Any CPU
		{264AE339-6360-4958-AC92-1107BC32C4FE}.Debug|Any CPU.ActiveCfg = Debug|Any CPU
		{264AE339-6360-4958-AC92-1107BC32C4FE}.Debug|Any CPU.Build.0 = Debug|Any CPU
		{264AE339-6360-4958-AC92-1107BC32C4FE}.Release|Any CPU.ActiveCfg = Release|Any CPU
		{264AE339-6360-4958-AC92-1107BC32C4FE}.Release|Any CPU.Build.0 = Release|Any CPU
	EndGlobalSection
	GlobalSection(SolutionProperties) = preSolution
		HideSolutionNode = FALSE
	EndGlobalSection
	GlobalSection(ExtensibilityGlobals) = postSolution
		SolutionGuid = {F0615C36-682E-487E-BC0F-B23DFAB9FBBA}
	EndGlobalSection
EndGlobal
